
Microsoft Visual Studio Solution File, Format Version 12.00
# Visual Studio 2013
VisualStudioVersion = 12.0.31101.0
MinimumVisualStudioVersion = 10.0.40219.1
Project("{FAE04EC0-301F-11D3-BF4B-00C04F79EFBC}") = "BiryukovTest", "BiryukovTest\BiryukovTest.csproj", "{731EF448-1F33-47CD-B6F5-3C886DCC1797}"
EndProject
Project("{2150E333-8FDC-42A3-9474-1A3956D46DE8}") = "BusinessLayer", "BusinessLayer", "{5F701729-D890-4C86-A333-3C483E2DA959}"
EndProject
Project("{FAE04EC0-301F-11D3-BF4B-00C04F79EFBC}") = "BusinessLayer.Contracts", "BusinessLayer.Contracts\BusinessLayer.Contracts.csproj", "{6AE213E5-C265-475F-BE62-CAD984A20D96}"
EndProject
Project("{FAE04EC0-301F-11D3-BF4B-00C04F79EFBC}") = "BusinessLayer.BusinessTasks", "BusinessLayer.BusinessTasks\BusinessLayer.BusinessTasks.csproj", "{4827D233-7EBD-424B-9A07-F811CA4ABF8D}"
EndProject
Project("{2150E333-8FDC-42A3-9474-1A3956D46DE8}") = "Common", "Common", "{AA9D92DE-BEFC-4491-8DA6-EBD51D64A510}"
EndProject
Project("{2150E333-8FDC-42A3-9474-1A3956D46DE8}") = "ServiceLayer", "ServiceLayer", "{81A9ACD0-4A8A-47D0-AC45-A54CE8FB8014}"
EndProject
Project("{FAE04EC0-301F-11D3-BF4B-00C04F79EFBC}") = "ServiceLayer.SimpleService", "ServiceLayer.SimpleService\ServiceLayer.SimpleService.csproj", "{002B989A-AB80-4843-8E2C-194C4264B56F}"
EndProject
Global
	GlobalSection(SolutionConfigurationPlatforms) = preSolution
		Debug|Any CPU = Debug|Any CPU
		Release|Any CPU = Release|Any CPU
	EndGlobalSection
	GlobalSection(ProjectConfigurationPlatforms) = postSolution
		{731EF448-1F33-47CD-B6F5-3C886DCC1797}.Debug|Any CPU.ActiveCfg = Debug|Any CPU
		{731EF448-1F33-47CD-B6F5-3C886DCC1797}.Debug|Any CPU.Build.0 = Debug|Any CPU
		{731EF448-1F33-47CD-B6F5-3C886DCC1797}.Release|Any CPU.ActiveCfg = Release|Any CPU
		{731EF448-1F33-47CD-B6F5-3C886DCC1797}.Release|Any CPU.Build.0 = Release|Any CPU
		{6AE213E5-C265-475F-BE62-CAD984A20D96}.Debug|Any CPU.ActiveCfg = Debug|Any CPU
		{6AE213E5-C265-475F-BE62-CAD984A20D96}.Debug|Any CPU.Build.0 = Debug|Any CPU
		{6AE213E5-C265-475F-BE62-CAD984A20D96}.Release|Any CPU.ActiveCfg = Release|Any CPU
		{6AE213E5-C265-475F-BE62-CAD984A20D96}.Release|Any CPU.Build.0 = Release|Any CPU
		{4827D233-7EBD-424B-9A07-F811CA4ABF8D}.Debug|Any CPU.ActiveCfg = Debug|Any CPU
		{4827D233-7EBD-424B-9A07-F811CA4ABF8D}.Debug|Any CPU.Build.0 = Debug|Any CPU
		{4827D233-7EBD-424B-9A07-F811CA4ABF8D}.Release|Any CPU.ActiveCfg = Release|Any CPU
		{4827D233-7EBD-424B-9A07-F811CA4ABF8D}.Release|Any CPU.Build.0 = Release|Any CPU
		{002B989A-AB80-4843-8E2C-194C4264B56F}.Debug|Any CPU.ActiveCfg = Debug|Any CPU
		{002B989A-AB80-4843-8E2C-194C4264B56F}.Debug|Any CPU.Build.0 = Debug|Any CPU
		{002B989A-AB80-4843-8E2C-194C4264B56F}.Release|Any CPU.ActiveCfg = Release|Any CPU
		{002B989A-AB80-4843-8E2C-194C4264B56F}.Release|Any CPU.Build.0 = Release|Any CPU
	EndGlobalSection
	GlobalSection(SolutionProperties) = preSolution
		HideSolutionNode = FALSE
	EndGlobalSection
	GlobalSection(NestedProjects) = preSolution
		{6AE213E5-C265-475F-BE62-CAD984A20D96} = {5F701729-D890-4C86-A333-3C483E2DA959}
		{4827D233-7EBD-424B-9A07-F811CA4ABF8D} = {5F701729-D890-4C86-A333-3C483E2DA959}
		{002B989A-AB80-4843-8E2C-194C4264B56F} = {81A9ACD0-4A8A-47D0-AC45-A54CE8FB8014}
	EndGlobalSection
EndGlobal
